
Microsoft Visual Studio Solution File, Format Version 12.00
# Visual Studio 15
VisualStudioVersion = 15.0.27323.2
MinimumVisualStudioVersion = 10.0.40219.1
Project("{9092AA53-FB77-4645-B42D-1CCCA6BD08BD}") = "cluster-demo", "cluster-demo\cluster-demo.njsproj", "{A17E7F9C-EC33-4B40-9212-B9285AEA980A}"
EndProject
Global
	GlobalSection(SolutionConfigurationPlatforms) = preSolution
		Debug|Any CPU = Debug|Any CPU
		Release|Any CPU = Release|Any CPU
	EndGlobalSection
	GlobalSection(ProjectConfigurationPlatforms) = postSolution
		{A17E7F9C-EC33-4B40-9212-B9285AEA980A}.Debug|Any CPU.ActiveCfg = Debug|Any CPU
		{A17E7F9C-EC33-4B40-9212-B9285AEA980A}.Debug|Any CPU.Build.0 = Debug|Any CPU
		{A17E7F9C-EC33-4B40-9212-B9285AEA980A}.Release|Any CPU.ActiveCfg = Release|Any CPU
		{A17E7F9C-EC33-4B40-9212-B9285AEA980A}.Release|Any CPU.Build.0 = Release|Any CPU
	EndGlobalSection
	GlobalSection(SolutionProperties) = preSolution
		HideSolutionNode = FALSE
	EndGlobalSection
	GlobalSection(ExtensibilityGlobals) = postSolution
		SolutionGuid = {DC769929-32D9-46FF-9C95-D4FBF544ED20}
	EndGlobalSection
EndGlobal
